
Microsoft Visual Studio Solution File, Format Version 12.00
# Visual Studio Version 16
VisualStudioVersion = 16.0.33328.57
MinimumVisualStudioVersion = 10.0.40219.1
Project("{FAE04EC0-301F-11D3-BF4B-00C04F79EFBC}") = "SAHE", "SAHE\SAHE.csproj", "{A483FA38-AAAE-4F2A-AE50-08B357972404}"
EndProject
Global
	GlobalSection(SolutionConfigurationPlatforms) = preSolution
		Debug|Any CPU = Debug|Any CPU
		Release|Any CPU = Release|Any CPU
	EndGlobalSection
	GlobalSection(ProjectConfigurationPlatforms) = postSolution
		{A483FA38-AAAE-4F2A-AE50-08B357972404}.Debug|Any CPU.ActiveCfg = Debug|Any CPU
		{A483FA38-AAAE-4F2A-AE50-08B357972404}.Debug|Any CPU.Build.0 = Debug|Any CPU
		{A483FA38-AAAE-4F2A-AE50-08B357972404}.Release|Any CPU.ActiveCfg = Release|Any CPU
		{A483FA38-AAAE-4F2A-AE50-08B357972404}.Release|Any CPU.Build.0 = Release|Any CPU
	EndGlobalSection
	GlobalSection(SolutionProperties) = preSolution
		HideSolutionNode = FALSE
	EndGlobalSection
	GlobalSection(ExtensibilityGlobals) = postSolution
		SolutionGuid = {8B0FD114-CAE9-493F-8656-48459E3164E2}
	EndGlobalSection
EndGlobal
